
Microsoft Visual Studio Solution File, Format Version 12.00
# Visual Studio Version 17
VisualStudioVersion = 17.0.31903.59
MinimumVisualStudioVersion = 10.0.40219.1
Project("{FAE04EC0-301F-11D3-BF4B-00C04F79EFBC}") = "JuTCo.Web.Host", "JuTCo.Web.Host\JuTCo.Web.Host.csproj", "{58CFD317-A31A-46EF-92D8-156A1D56B121}"
EndProject
Project("{FAE04EC0-301F-11D3-BF4B-00C04F79EFBC}") = "JuTCo.Web", "JuTCo.Web\JuTCo.Web.csproj", "{B878A4C2-670F-434D-BA03-B0720E15EC9A}"
EndProject
Project("{FAE04EC0-301F-11D3-BF4B-00C04F79EFBC}") = "JuTCo.Core", "JuTCo.Core\JuTCo.Core.csproj", "{0B5A3796-BAD6-4C28-B932-83207AC54C7B}"
EndProject
Project("{FAE04EC0-301F-11D3-BF4B-00C04F79EFBC}") = "JuTCo.Text.Review", "JuTCo.Text.Review\JuTCo.Text.Review.csproj", "{C2940CE3-081B-4AF2-A209-2DF276FA2305}"
EndProject
Project("{2150E333-8FDC-42A3-9474-1A3956D46DE8}") = "tests", "tests", "{5D05325A-9853-48CC-A629-1A9EBBE0FE67}"
EndProject
Project("{FAE04EC0-301F-11D3-BF4B-00C04F79EFBC}") = "JuTCo.Text.Review.Tests", "tests\JuTCo.Text.Review.Tests\JuTCo.Text.Review.Tests.csproj", "{D3D258DA-BBF8-4B42-AEED-7B5D229E4C77}"
EndProject
Global
	GlobalSection(SolutionConfigurationPlatforms) = preSolution
		Debug|Any CPU = Debug|Any CPU
		Release|Any CPU = Release|Any CPU
	EndGlobalSection
	GlobalSection(SolutionProperties) = preSolution
		HideSolutionNode = FALSE
	EndGlobalSection
	GlobalSection(ProjectConfigurationPlatforms) = postSolution
		{58CFD317-A31A-46EF-92D8-156A1D56B121}.Debug|Any CPU.ActiveCfg = Debug|Any CPU
		{58CFD317-A31A-46EF-92D8-156A1D56B121}.Debug|Any CPU.Build.0 = Debug|Any CPU
		{58CFD317-A31A-46EF-92D8-156A1D56B121}.Release|Any CPU.ActiveCfg = Release|Any CPU
		{58CFD317-A31A-46EF-92D8-156A1D56B121}.Release|Any CPU.Build.0 = Release|Any CPU
		{B878A4C2-670F-434D-BA03-B0720E15EC9A}.Debug|Any CPU.ActiveCfg = Debug|Any CPU
		{B878A4C2-670F-434D-BA03-B0720E15EC9A}.Debug|Any CPU.Build.0 = Debug|Any CPU
		{B878A4C2-670F-434D-BA03-B0720E15EC9A}.Release|Any CPU.ActiveCfg = Release|Any CPU
		{B878A4C2-670F-434D-BA03-B0720E15EC9A}.Release|Any CPU.Build.0 = Release|Any CPU
		{0B5A3796-BAD6-4C28-B932-83207AC54C7B}.Debug|Any CPU.ActiveCfg = Debug|Any CPU
		{0B5A3796-BAD6-4C28-B932-83207AC54C7B}.Debug|Any CPU.Build.0 = Debug|Any CPU
		{0B5A3796-BAD6-4C28-B932-83207AC54C7B}.Release|Any CPU.ActiveCfg = Release|Any CPU
		{0B5A3796-BAD6-4C28-B932-83207AC54C7B}.Release|Any CPU.Build.0 = Release|Any CPU
		{C2940CE3-081B-4AF2-A209-2DF276FA2305}.Debug|Any CPU.ActiveCfg = Debug|Any CPU
		{C2940CE3-081B-4AF2-A209-2DF276FA2305}.Debug|Any CPU.Build.0 = Debug|Any CPU
		{C2940CE3-081B-4AF2-A209-2DF276FA2305}.Release|Any CPU.ActiveCfg = Release|Any CPU
		{C2940CE3-081B-4AF2-A209-2DF276FA2305}.Release|Any CPU.Build.0 = Release|Any CPU
		{D3D258DA-BBF8-4B42-AEED-7B5D229E4C77}.Debug|Any CPU.ActiveCfg = Debug|Any CPU
		{D3D258DA-BBF8-4B42-AEED-7B5D229E4C77}.Debug|Any CPU.Build.0 = Debug|Any CPU
		{D3D258DA-BBF8-4B42-AEED-7B5D229E4C77}.Release|Any CPU.ActiveCfg = Release|Any CPU
		{D3D258DA-BBF8-4B42-AEED-7B5D229E4C77}.Release|Any CPU.Build.0 = Release|Any CPU
	EndGlobalSection
	GlobalSection(NestedProjects) = preSolution
		{D3D258DA-BBF8-4B42-AEED-7B5D229E4C77} = {5D05325A-9853-48CC-A629-1A9EBBE0FE67}
	EndGlobalSection
EndGlobal
